
Microsoft Visual Studio Solution File, Format Version 10.00
# Visual Studio 2008
Project("{8BC9CEB8-8B4A-11D0-8D11-00A0C91BC942}") = "ntstart", "ntstart\ntstart.vcproj", "{3B1CCE9D-3DFF-42F7-81F4-FC2ACDD946F3}"
EndProject
Project("{8BC9CEB8-8B4A-11D0-8D11-00A0C91BC942}") = "startdll", "startdll\startdll.vcproj", "{20453ED7-57C5-44E9-B9C6-7004C4DDC0BA}"
EndProject
Global
	GlobalSection(SolutionConfigurationPlatforms) = preSolution
		Debug|Win32 = Debug|Win32
		Release|Win32 = Release|Win32
	EndGlobalSection
	GlobalSection(ProjectConfigurationPlatforms) = postSolution
		{3B1CCE9D-3DFF-42F7-81F4-FC2ACDD946F3}.Debug|Win32.ActiveCfg = Debug|Win32
		{3B1CCE9D-3DFF-42F7-81F4-FC2ACDD946F3}.Debug|Win32.Build.0 = Debug|Win32
		{3B1CCE9D-3DFF-42F7-81F4-FC2ACDD946F3}.Release|Win32.ActiveCfg = Release|Win32
		{3B1CCE9D-3DFF-42F7-81F4-FC2ACDD946F3}.Release|Win32.Build.0 = Release|Win32
		{20453ED7-57C5-44E9-B9C6-7004C4DDC0BA}.Debug|Win32.ActiveCfg = Debug|Win32
		{20453ED7-57C5-44E9-B9C6-7004C4DDC0BA}.Debug|Win32.Build.0 = Debug|Win32
		{20453ED7-57C5-44E9-B9C6-7004C4DDC0BA}.Release|Win32.ActiveCfg = Release|Win32
		{20453ED7-57C5-44E9-B9C6-7004C4DDC0BA}.Release|Win32.Build.0 = Release|Win32
	EndGlobalSection
	GlobalSection(SolutionProperties) = preSolution
		HideSolutionNode = FALSE
	EndGlobalSection
EndGlobal
